{
  "name": "@coscan/monorepo",
  "version": "0.0.0",
  "lockfileVersion": 3,
  "requires": true,
  "packages": {
    "": {
      "name": "@coscan/monorepo",
      "version": "0.0.0",
      "license": "MIT",
      "workspaces": [
        "packages/*"
      ],
      "devDependencies": {
        "@dprint/json": "^0.19.3",
        "@dprint/markdown": "^0.17.8",
        "@dprint/typescript": "^0.91.8",
        "dprint": "^0.47.2"
      }
    },
    "node_modules/@dprint/darwin-arm64": {
      "version": "0.47.2",
      "resolved": "https://registry.npmjs.org/@dprint/darwin-arm64/-/darwin-arm64-0.47.2.tgz",
      "integrity": "sha512-mVPFBJsXxGDKHHCAY8wbqOyS4028g1bN15H9tivCnPAjwaZhkUimZHXWejXADjhGn+Xm2SlakugY9PY/68pH3Q==",
      "cpu": [
        "arm64"
      ],
      "dev": true,
      "license": "MIT",
      "optional": true,
      "os": [
        "darwin"
      ]
    },
    "node_modules/@dprint/darwin-x64": {
      "version": "0.47.2",
      "resolved": "https://registry.npmjs.org/@dprint/darwin-x64/-/darwin-x64-0.47.2.tgz",
      "integrity": "sha512-T7wzlc+rBV+6BRRiBjoqoy5Hj4TR2Nv2p2s9+ycyPGs10Kj/JXOWD8dnEHeBgUr2r4qe/ZdcxmsFQ5Hf2n0WuA==",
      "cpu": [
        "x64"
      ],
      "dev": true,
      "license": "MIT",
      "optional": true,
      "os": [
        "darwin"
      ]
    },
    "node_modules/@dprint/json": {
      "version": "0.19.3",
      "resolved": "https://registry.npmjs.org/@dprint/json/-/json-0.19.3.tgz",
      "integrity": "sha512-8ErTmUo1rPaq9NDHrjbWXRbwJN8cLl8yImr5dBRA6274yFb0rNbB0knIJWgdI8/i+aZgoQFJxaSP6/MigqzLXg==",
      "dev": true,
      "license": "MIT"
    },
    "node_modules/@dprint/linux-arm64-glibc": {
      "version": "0.47.2",
      "resolved": "https://registry.npmjs.org/@dprint/linux-arm64-glibc/-/linux-arm64-glibc-0.47.2.tgz",
      "integrity": "sha512-B0m1vT5LdVtrNOVdkqpLPrSxuCD+l5bTIgRzPaDoIB1ChWQkler9IlX8C+RStpujjPj6SYvwo5vTzjQSvRdQkA==",
      "cpu": [
        "arm64"
      ],
      "dev": true,
      "license": "MIT",
      "optional": true,
      "os": [
        "linux"
      ]
    },
    "node_modules/@dprint/linux-arm64-musl": {
      "version": "0.47.2",
      "resolved": "https://registry.npmjs.org/@dprint/linux-arm64-musl/-/linux-arm64-musl-0.47.2.tgz",
      "integrity": "sha512-zID6wZZqpg2/Q2Us+ERQkbhLwlW3p3xaeEr00MPf49bpydmEjMiPuSjWPkNv+slQSIyIsVovOxF4lbNZjsdtvw==",
      "cpu": [
        "arm64"
      ],
      "dev": true,
      "license": "MIT",
      "optional": true,
      "os": [
        "linux"
      ]
    },
    "node_modules/@dprint/linux-x64-glibc": {
      "version": "0.47.2",
      "resolved": "https://registry.npmjs.org/@dprint/linux-x64-glibc/-/linux-x64-glibc-0.47.2.tgz",
      "integrity": "sha512-rB3WXMdINnRd33DItIp7mObS7dzHW90ZzeJSsoKJLPp+Z7wXjjb27UUowfqVI4baa/1pd7sdbX54DPohMtfu/A==",
      "cpu": [
        "x64"
      ],
      "dev": true,
      "license": "MIT",
      "optional": true,
      "os": [
        "linux"
      ]
    },
    "node_modules/@dprint/linux-x64-musl": {
      "version": "0.47.2",
      "resolved": "https://registry.npmjs.org/@dprint/linux-x64-musl/-/linux-x64-musl-0.47.2.tgz",
      "integrity": "sha512-E0+TNbzYdTXJ/jCVjUctVxkda/faw++aDQLfyWGcmdMJnbM7NZz+W4fUpDXzMPsjy+zTWxXcPK7/q2DZz2gnbg==",
      "cpu": [
        "x64"
      ],
      "dev": true,
      "license": "MIT",
      "optional": true,
      "os": [
        "linux"
      ]
    },
    "node_modules/@dprint/markdown": {
      "version": "0.17.8",
      "resolved": "https://registry.npmjs.org/@dprint/markdown/-/markdown-0.17.8.tgz",
      "integrity": "sha512-ukHFOg+RpG284aPdIg7iPrCYmMs3Dqy43S1ejybnwlJoFiW02b+6Bbr5cfZKFRYNP3dKGM86BqHEnMzBOyLvvA==",
      "dev": true,
      "license": "MIT"
    },
    "node_modules/@dprint/typescript": {
      "version": "0.91.8",
      "resolved": "https://registry.npmjs.org/@dprint/typescript/-/typescript-0.91.8.tgz",
      "integrity": "sha512-tuKn4leCPItox1O4uunHcQF0QllDCvPWklnNQIh2PiWWVtRAGltJJnM4Cwj5AciplosD1Hiz7vAY3ew3crLb3A==",
      "dev": true,
      "license": "MIT"
    },
    "node_modules/@dprint/win32-arm64": {
      "version": "0.47.2",
      "resolved": "https://registry.npmjs.org/@dprint/win32-arm64/-/win32-arm64-0.47.2.tgz",
      "integrity": "sha512-K1EieTCFjfOCmyIhw9zFSduE6qVCNHEveupqZEfbSkVGw5T9MJQ1I9+n7MDb3RIDYEUk0enJ58/w82q8oDKCyA==",
      "cpu": [
        "arm64"
      ],
      "dev": true,
      "license": "MIT",
      "optional": true,
      "os": [
        "win32"
      ]
    },
    "node_modules/@dprint/win32-x64": {
      "version": "0.47.2",
      "resolved": "https://registry.npmjs.org/@dprint/win32-x64/-/win32-x64-0.47.2.tgz",
      "integrity": "sha512-LhizWr8VrhHvq4ump8HwOERyFmdLiE8C6A42QSntGXzKdaa2nEOq20x/o56ZIiDcesiV+1TmosMKimPcOZHa+Q==",
      "cpu": [
        "x64"
      ],
      "dev": true,
      "license": "MIT",
      "optional": true,
      "os": [
        "win32"
      ]
    },
    "node_modules/dprint": {
      "version": "0.47.2",
      "resolved": "https://registry.npmjs.org/dprint/-/dprint-0.47.2.tgz",
      "integrity": "sha512-geUcVIIrmLaY+YtuOl4gD7J/QCjsXZa5gUqre9sO6cgH0X/Fa9heBN3l/AWVII6rKPw45ATuCSDWz1pyO+HkPQ==",
      "dev": true,
      "hasInstallScript": true,
      "license": "MIT",
      "bin": {
        "dprint": "bin.js"
      },
      "optionalDependencies": {
        "@dprint/darwin-arm64": "0.47.2",
        "@dprint/darwin-x64": "0.47.2",
        "@dprint/linux-arm64-glibc": "0.47.2",
        "@dprint/linux-arm64-musl": "0.47.2",
        "@dprint/linux-x64-glibc": "0.47.2",
        "@dprint/linux-x64-musl": "0.47.2",
        "@dprint/win32-arm64": "0.47.2",
        "@dprint/win32-x64": "0.47.2"
      }
    }
  }
}
